// !$*UTF8*$!
{
	archiveVersion = 1;
	classes = {
	};
	objectVersion = 56;
	objects = {

/* Begin PBXBuildFile section */
		A6093E2E2BC6AA7D00236B85 /* ErrorMessage.swift in Sources */ = {isa = PBXBuildFile; fileRef = A6093E2D2BC6AA7D00236B85 /* ErrorMessage.swift */; };
		A6093E312BC6B43800236B85 /* FollowerCell.swift in Sources */ = {isa = PBXBuildFile; fileRef = A6093E302BC6B43800236B85 /* FollowerCell.swift */; };
		A6093E332BC6B4CF00236B85 /* GFAvatar.swift in Sources */ = {isa = PBXBuildFile; fileRef = A6093E322BC6B4CF00236B85 /* GFAvatar.swift */; };
		A60EF3832BAF0A6B0087EF89 /* AppDelegate.swift in Sources */ = {isa = PBXBuildFile; fileRef = A60EF3822BAF0A6B0087EF89 /* AppDelegate.swift */; };
		A60EF3852BAF0A6B0087EF89 /* SceneDelegate.swift in Sources */ = {isa = PBXBuildFile; fileRef = A60EF3842BAF0A6B0087EF89 /* SceneDelegate.swift */; };
		A60EF3872BAF0A6B0087EF89 /* ViewController.swift in Sources */ = {isa = PBXBuildFile; fileRef = A60EF3862BAF0A6B0087EF89 /* ViewController.swift */; };
		A60EF38C2BAF0A6C0087EF89 /* Assets.xcassets in Resources */ = {isa = PBXBuildFile; fileRef = A60EF38B2BAF0A6C0087EF89 /* Assets.xcassets */; };
		A60EF38F2BAF0A6C0087EF89 /* LaunchScreen.storyboard in Resources */ = {isa = PBXBuildFile; fileRef = A60EF38D2BAF0A6C0087EF89 /* LaunchScreen.storyboard */; };
		A60EF3972BB1C93A0087EF89 /* SearchVC.swift in Sources */ = {isa = PBXBuildFile; fileRef = A60EF3962BB1C93A0087EF89 /* SearchVC.swift */; };
		A60EF3992BB1C96A0087EF89 /* FavoritesVC.swift in Sources */ = {isa = PBXBuildFile; fileRef = A60EF3982BB1C96A0087EF89 /* FavoritesVC.swift */; };
		A60EF39B2BB1CDB20087EF89 /* GFButton.swift in Sources */ = {isa = PBXBuildFile; fileRef = A60EF39A2BB1CDB20087EF89 /* GFButton.swift */; };
		A60EF39D2BB1D0EE0087EF89 /* GFTextField.swift in Sources */ = {isa = PBXBuildFile; fileRef = A60EF39C2BB1D0EE0087EF89 /* GFTextField.swift */; };
		A6C2A8132BC402A200F8F3CA /* FollowerListVC.swift in Sources */ = {isa = PBXBuildFile; fileRef = A6C2A8122BC402A200F8F3CA /* FollowerListVC.swift */; };
		A6C2A8152BC45B2900F8F3CA /* GFTitleLabel.swift in Sources */ = {isa = PBXBuildFile; fileRef = A6C2A8142BC45B2900F8F3CA /* GFTitleLabel.swift */; };
		A6C2A8172BC45C8E00F8F3CA /* GFBodyLabel.swift in Sources */ = {isa = PBXBuildFile; fileRef = A6C2A8162BC45C8E00F8F3CA /* GFBodyLabel.swift */; };
		A6C2A8192BC460A000F8F3CA /* GFAlertVC.swift in Sources */ = {isa = PBXBuildFile; fileRef = A6C2A8182BC460A000F8F3CA /* GFAlertVC.swift */; };
		A6C2A81B2BC4667700F8F3CA /* UIViewController+Ext.swift in Sources */ = {isa = PBXBuildFile; fileRef = A6C2A81A2BC4667700F8F3CA /* UIViewController+Ext.swift */; };
		A6C2A8222BC692A300F8F3CA /* Follower.swift in Sources */ = {isa = PBXBuildFile; fileRef = A6C2A8212BC692A300F8F3CA /* Follower.swift */; };
		A6C2A8242BC693AD00F8F3CA /* User.swift in Sources */ = {isa = PBXBuildFile; fileRef = A6C2A8232BC693AD00F8F3CA /* User.swift */; };
		A6C2A8272BC6982700F8F3CA /* NetworkManager.swift in Sources */ = {isa = PBXBuildFile; fileRef = A6C2A8262BC6982700F8F3CA /* NetworkManager.swift */; };
/* End PBXBuildFile section */

/* Begin PBXFileReference section */
		A6093E2D2BC6AA7D00236B85 /* ErrorMessage.swift */ = {isa = PBXFileReference; lastKnownFileType = sourcecode.swift; path = ErrorMessage.swift; sourceTree = "<group>"; };
		A6093E302BC6B43800236B85 /* FollowerCell.swift */ = {isa = PBXFileReference; lastKnownFileType = sourcecode.swift; path = FollowerCell.swift; sourceTree = "<group>"; };
		A6093E322BC6B4CF00236B85 /* GFAvatar.swift */ = {isa = PBXFileReference; lastKnownFileType = sourcecode.swift; path = GFAvatar.swift; sourceTree = "<group>"; };
		A60EF37F2BAF0A6B0087EF89 /* uiKITT.app */ = {isa = PBXFileReference; explicitFileType = wrapper.application; includeInIndex = 0; path = uiKITT.app; sourceTree = BUILT_PRODUCTS_DIR; };
		A60EF3822BAF0A6B0087EF89 /* AppDelegate.swift */ = {isa = PBXFileReference; lastKnownFileType = sourcecode.swift; path = AppDelegate.swift; sourceTree = "<group>"; };
		A60EF3842BAF0A6B0087EF89 /* SceneDelegate.swift */ = {isa = PBXFileReference; lastKnownFileType = sourcecode.swift; path = SceneDelegate.swift; sourceTree = "<group>"; };
		A60EF3862BAF0A6B0087EF89 /* ViewController.swift */ = {isa = PBXFileReference; lastKnownFileType = sourcecode.swift; path = ViewController.swift; sourceTree = "<group>"; };
		A60EF38B2BAF0A6C0087EF89 /* Assets.xcassets */ = {isa = PBXFileReference; lastKnownFileType = folder.assetcatalog; path = Assets.xcassets; sourceTree = "<group>"; };
		A60EF38E2BAF0A6C0087EF89 /* Base */ = {isa = PBXFileReference; lastKnownFileType = file.storyboard; name = Base; path = Base.lproj/LaunchScreen.storyboard; sourceTree = "<group>"; };
		A60EF3902BAF0A6C0087EF89 /* Info.plist */ = {isa = PBXFileReference; lastKnownFileType = text.plist.xml; path = Info.plist; sourceTree = "<group>"; };
		A60EF3962BB1C93A0087EF89 /* SearchVC.swift */ = {isa = PBXFileReference; lastKnownFileType = sourcecode.swift; path = SearchVC.swift; sourceTree = "<group>"; };
		A60EF3982BB1C96A0087EF89 /* FavoritesVC.swift */ = {isa = PBXFileReference; lastKnownFileType = sourcecode.swift; path = FavoritesVC.swift; sourceTree = "<group>"; };
		A60EF39A2BB1CDB20087EF89 /* GFButton.swift */ = {isa = PBXFileReference; lastKnownFileType = sourcecode.swift; path = GFButton.swift; sourceTree = "<group>"; };
		A60EF39C2BB1D0EE0087EF89 /* GFTextField.swift */ = {isa = PBXFileReference; lastKnownFileType = sourcecode.swift; path = GFTextField.swift; sourceTree = "<group>"; };
		A6C2A8122BC402A200F8F3CA /* FollowerListVC.swift */ = {isa = PBXFileReference; lastKnownFileType = sourcecode.swift; path = FollowerListVC.swift; sourceTree = "<group>"; };
		A6C2A8142BC45B2900F8F3CA /* GFTitleLabel.swift */ = {isa = PBXFileReference; lastKnownFileType = sourcecode.swift; path = GFTitleLabel.swift; sourceTree = "<group>"; };
		A6C2A8162BC45C8E00F8F3CA /* GFBodyLabel.swift */ = {isa = PBXFileReference; lastKnownFileType = sourcecode.swift; path = GFBodyLabel.swift; sourceTree = "<group>"; };
		A6C2A8182BC460A000F8F3CA /* GFAlertVC.swift */ = {isa = PBXFileReference; lastKnownFileType = sourcecode.swift; path = GFAlertVC.swift; sourceTree = "<group>"; };
		A6C2A81A2BC4667700F8F3CA /* UIViewController+Ext.swift */ = {isa = PBXFileReference; lastKnownFileType = sourcecode.swift; path = "UIViewController+Ext.swift"; sourceTree = "<group>"; };
		A6C2A8212BC692A300F8F3CA /* Follower.swift */ = {isa = PBXFileReference; lastKnownFileType = sourcecode.swift; path = Follower.swift; sourceTree = "<group>"; };
		A6C2A8232BC693AD00F8F3CA /* User.swift */ = {isa = PBXFileReference; lastKnownFileType = sourcecode.swift; path = User.swift; sourceTree = "<group>"; };
		A6C2A8262BC6982700F8F3CA /* NetworkManager.swift */ = {isa = PBXFileReference; lastKnownFileType = sourcecode.swift; path = NetworkManager.swift; sourceTree = "<group>"; };
/* End PBXFileReference section */

/* Begin PBXFrameworksBuildPhase section */
		A60EF37C2BAF0A6B0087EF89 /* Frameworks */ = {
			isa = PBXFrameworksBuildPhase;
			buildActionMask = 2147483647;
			files = (
			);
			runOnlyForDeploymentPostprocessing = 0;
		};
/* End PBXFrameworksBuildPhase section */

/* Begin PBXGroup section */
		A6093E2C2BC6AA7000236B85 /* Utilities */ = {
			isa = PBXGroup;
			children = (
				A6093E2D2BC6AA7D00236B85 /* ErrorMessage.swift */,
			);
			path = Utilities;
			sourceTree = "<group>";
		};
		A6093E2F2BC6B41B00236B85 /* Cells */ = {
			isa = PBXGroup;
			children = (
				A6093E302BC6B43800236B85 /* FollowerCell.swift */,
			);
			path = Cells;
			sourceTree = "<group>";
		};
		A60EF3762BAF0A6B0087EF89 = {
			isa = PBXGroup;
			children = (
				A60EF3812BAF0A6B0087EF89 /* uiKITT */,
				A60EF3802BAF0A6B0087EF89 /* Products */,
			);
			sourceTree = "<group>";
		};
		A60EF3802BAF0A6B0087EF89 /* Products */ = {
			isa = PBXGroup;
			children = (
				A60EF37F2BAF0A6B0087EF89 /* uiKITT.app */,
			);
			name = Products;
			sourceTree = "<group>";
		};
		A60EF3812BAF0A6B0087EF89 /* uiKITT */ = {
			isa = PBXGroup;
			children = (
				A6093E2C2BC6AA7000236B85 /* Utilities */,
				A6C2A8202BC6929600F8F3CA /* Model */,
				A6C2A8252BC6980700F8F3CA /* Managers */,
				A60EF3902BAF0A6C0087EF89 /* Info.plist */,
				A6C2A81F2BC489CA00F8F3CA /* Support */,
				A6C2A81E2BC4896A00F8F3CA /* Extensions */,
				A6C2A81D2BC4893C00F8F3CA /* Custom Views */,
				A6C2A81C2BC488F500F8F3CA /* Screens */,
			);
			path = uiKITT;
			sourceTree = "<group>";
		};
		A6C2A81C2BC488F500F8F3CA /* Screens */ = {
			isa = PBXGroup;
			children = (
				A60EF3982BB1C96A0087EF89 /* FavoritesVC.swift */,
				A6C2A8122BC402A200F8F3CA /* FollowerListVC.swift */,
				A60EF3962BB1C93A0087EF89 /* SearchVC.swift */,
			);
			path = Screens;
			sourceTree = "<group>";
		};
		A6C2A81D2BC4893C00F8F3CA /* Custom Views */ = {
			isa = PBXGroup;
			children = (
				A6093E2F2BC6B41B00236B85 /* Cells */,
				A6C2A8182BC460A000F8F3CA /* GFAlertVC.swift */,
				A60EF39C2BB1D0EE0087EF89 /* GFTextField.swift */,
				A6C2A8162BC45C8E00F8F3CA /* GFBodyLabel.swift */,
				A6C2A8142BC45B2900F8F3CA /* GFTitleLabel.swift */,
				A60EF39A2BB1CDB20087EF89 /* GFButton.swift */,
				A6093E322BC6B4CF00236B85 /* GFAvatar.swift */,
			);
			path = "Custom Views";
			sourceTree = "<group>";
		};
		A6C2A81E2BC4896A00F8F3CA /* Extensions */ = {
			isa = PBXGroup;
			children = (
				A6C2A81A2BC4667700F8F3CA /* UIViewController+Ext.swift */,
			);
			path = Extensions;
			sourceTree = "<group>";
		};
		A6C2A81F2BC489CA00F8F3CA /* Support */ = {
			isa = PBXGroup;
			children = (
				A60EF3822BAF0A6B0087EF89 /* AppDelegate.swift */,
				A60EF3842BAF0A6B0087EF89 /* SceneDelegate.swift */,
				A60EF3862BAF0A6B0087EF89 /* ViewController.swift */,
				A60EF38B2BAF0A6C0087EF89 /* Assets.xcassets */,
				A60EF38D2BAF0A6C0087EF89 /* LaunchScreen.storyboard */,
			);
			path = Support;
			sourceTree = "<group>";
		};
		A6C2A8202BC6929600F8F3CA /* Model */ = {
			isa = PBXGroup;
			children = (
				A6C2A8212BC692A300F8F3CA /* Follower.swift */,
				A6C2A8232BC693AD00F8F3CA /* User.swift */,
			);
			path = Model;
			sourceTree = "<group>";
		};
		A6C2A8252BC6980700F8F3CA /* Managers */ = {
			isa = PBXGroup;
			children = (
				A6C2A8262BC6982700F8F3CA /* NetworkManager.swift */,
			);
			path = Managers;
			sourceTree = "<group>";
		};
/* End PBXGroup section */

/* Begin PBXNativeTarget section */
		A60EF37E2BAF0A6B0087EF89 /* uiKITT */ = {
			isa = PBXNativeTarget;
			buildConfigurationList = A60EF3932BAF0A6C0087EF89 /* Build configuration list for PBXNativeTarget "uiKITT" */;
			buildPhases = (
				A60EF37B2BAF0A6B0087EF89 /* Sources */,
				A60EF37C2BAF0A6B0087EF89 /* Frameworks */,
				A60EF37D2BAF0A6B0087EF89 /* Resources */,
			);
			buildRules = (
			);
			dependencies = (
			);
			name = uiKITT;
			productName = uiKITT;
			productReference = A60EF37F2BAF0A6B0087EF89 /* uiKITT.app */;
			productType = "com.apple.product-type.application";
		};
/* End PBXNativeTarget section */

/* Begin PBXProject section */
		A60EF3772BAF0A6B0087EF89 /* Project object */ = {
			isa = PBXProject;
			attributes = {
				BuildIndependentTargetsInParallel = 1;
				LastSwiftUpdateCheck = 1420;
				LastUpgradeCheck = 1530;
				TargetAttributes = {
					A60EF37E2BAF0A6B0087EF89 = {
						CreatedOnToolsVersion = 14.2;
					};
				};
			};
			buildConfigurationList = A60EF37A2BAF0A6B0087EF89 /* Build configuration list for PBXProject "uiKITT" */;
			compatibilityVersion = "Xcode 14.0";
			developmentRegion = en;
			hasScannedForEncodings = 0;
			knownRegions = (
				en,
				Base,
			);
			mainGroup = A60EF3762BAF0A6B0087EF89;
			productRefGroup = A60EF3802BAF0A6B0087EF89 /* Products */;
			projectDirPath = "";
			projectRoot = "";
			targets = (
				A60EF37E2BAF0A6B0087EF89 /* uiKITT */,
			);
		};
/* End PBXProject section */

/* Begin PBXResourcesBuildPhase section */
		A60EF37D2BAF0A6B0087EF89 /* Resources */ = {
			isa = PBXResourcesBuildPhase;
			buildActionMask = 2147483647;
			files = (
				A60EF38F2BAF0A6C0087EF89 /* LaunchScreen.storyboard in Resources */,
				A60EF38C2BAF0A6C0087EF89 /* Assets.xcassets in Resources */,
			);
			runOnlyForDeploymentPostprocessing = 0;
		};
/* End PBXResourcesBuildPhase section */

/* Begin PBXSourcesBuildPhase section */
		A60EF37B2BAF0A6B0087EF89 /* Sources */ = {
			isa = PBXSourcesBuildPhase;
			buildActionMask = 2147483647;
			files = (
				A60EF3992BB1C96A0087EF89 /* FavoritesVC.swift in Sources */,
				A60EF3972BB1C93A0087EF89 /* SearchVC.swift in Sources */,
				A6C2A81B2BC4667700F8F3CA /* UIViewController+Ext.swift in Sources */,
				A60EF39B2BB1CDB20087EF89 /* GFButton.swift in Sources */,
				A60EF3872BAF0A6B0087EF89 /* ViewController.swift in Sources */,
				A6093E332BC6B4CF00236B85 /* GFAvatar.swift in Sources */,
				A60EF3832BAF0A6B0087EF89 /* AppDelegate.swift in Sources */,
				A6C2A8242BC693AD00F8F3CA /* User.swift in Sources */,
				A6093E312BC6B43800236B85 /* FollowerCell.swift in Sources */,
				A6C2A8192BC460A000F8F3CA /* GFAlertVC.swift in Sources */,
				A6C2A8222BC692A300F8F3CA /* Follower.swift in Sources */,
				A60EF3852BAF0A6B0087EF89 /* SceneDelegate.swift in Sources */,
				A6C2A8152BC45B2900F8F3CA /* GFTitleLabel.swift in Sources */,
				A6C2A8132BC402A200F8F3CA /* FollowerListVC.swift in Sources */,
				A6093E2E2BC6AA7D00236B85 /* ErrorMessage.swift in Sources */,
				A6C2A8272BC6982700F8F3CA /* NetworkManager.swift in Sources */,
				A60EF39D2BB1D0EE0087EF89 /* GFTextField.swift in Sources */,
				A6C2A8172BC45C8E00F8F3CA /* GFBodyLabel.swift in Sources */,
			);
			runOnlyForDeploymentPostprocessing = 0;
		};
/* End PBXSourcesBuildPhase section */

/* Begin PBXVariantGroup section */
		A60EF38D2BAF0A6C0087EF89 /* LaunchScreen.storyboard */ = {
			isa = PBXVariantGroup;
			children = (
				A60EF38E2BAF0A6C0087EF89 /* Base */,
			);
			name = LaunchScreen.storyboard;
			sourceTree = "<group>";
		};
/* End PBXVariantGroup section */

/* Begin XCBuildConfiguration section */
		A60EF3912BAF0A6C0087EF89 /* Debug */ = {
			isa = XCBuildConfiguration;
			buildSettings = {
				ALWAYS_SEARCH_USER_PATHS = NO;
				CLANG_ANALYZER_NONNULL = YES;
				CLANG_ANALYZER_NUMBER_OBJECT_CONVERSION = YES_AGGRESSIVE;
				CLANG_CXX_LANGUAGE_STANDARD = "gnu++20";
				CLANG_ENABLE_MODULES = YES;
				CLANG_ENABLE_OBJC_ARC = YES;
				CLANG_ENABLE_OBJC_WEAK = YES;
				CLANG_WARN_BLOCK_CAPTURE_AUTORELEASING = YES;
				CLANG_WARN_BOOL_CONVERSION = YES;
				CLANG_WARN_COMMA = YES;
				CLANG_WARN_CONSTANT_CONVERSION = YES;
				CLANG_WARN_DEPRECATED_OBJC_IMPLEMENTATIONS = YES;
				CLANG_WARN_DIRECT_OBJC_ISA_USAGE = YES_ERROR;
				CLANG_WARN_DOCUMENTATION_COMMENTS = YES;
				CLANG_WARN_EMPTY_BODY = YES;
				CLANG_WARN_ENUM_CONVERSION = YES;
				CLANG_WARN_INFINITE_RECURSION = YES;
				CLANG_WARN_INT_CONVERSION = YES;
				CLANG_WARN_NON_LITERAL_NULL_CONVERSION = YES;
				CLANG_WARN_OBJC_IMPLICIT_RETAIN_SELF = YES;
				CLANG_WARN_OBJC_LITERAL_CONVERSION = YES;
				CLANG_WARN_OBJC_ROOT_CLASS = YES_ERROR;
				CLANG_WARN_QUOTED_INCLUDE_IN_FRAMEWORK_HEADER = YES;
				CLANG_WARN_RANGE_LOOP_ANALYSIS = YES;
				CLANG_WARN_STRICT_PROTOTYPES = YES;
				CLANG_WARN_SUSPICIOUS_MOVE = YES;
				CLANG_WARN_UNGUARDED_AVAILABILITY = YES_AGGRESSIVE;
				CLANG_WARN_UNREACHABLE_CODE = YES;
				CLANG_WARN__DUPLICATE_METHOD_MATCH = YES;
				COPY_PHASE_STRIP = NO;
				DEBUG_INFORMATION_FORMAT = dwarf;
				ENABLE_STRICT_OBJC_MSGSEND = YES;
				ENABLE_TESTABILITY = YES;
				ENABLE_USER_SCRIPT_SANDBOXING = YES;
				GCC_C_LANGUAGE_STANDARD = gnu11;
				GCC_DYNAMIC_NO_PIC = NO;
				GCC_NO_COMMON_BLOCKS = YES;
				GCC_OPTIMIZATION_LEVEL = 0;
				GCC_PREPROCESSOR_DEFINITIONS = (
					"DEBUG=1",
					"$(inherited)",
				);
				GCC_WARN_64_TO_32_BIT_CONVERSION = YES;
				GCC_WARN_ABOUT_RETURN_TYPE = YES_ERROR;
				GCC_WARN_UNDECLARED_SELECTOR = YES;
				GCC_WARN_UNINITIALIZED_AUTOS = YES_AGGRESSIVE;
				GCC_WARN_UNUSED_FUNCTION = YES;
				GCC_WARN_UNUSED_VARIABLE = YES;
				IPHONEOS_DEPLOYMENT_TARGET = 16.2;
				MTL_ENABLE_DEBUG_INFO = INCLUDE_SOURCE;
				MTL_FAST_MATH = YES;
				ONLY_ACTIVE_ARCH = YES;
				SDKROOT = iphoneos;
				SWIFT_ACTIVE_COMPILATION_CONDITIONS = DEBUG;
				SWIFT_OPTIMIZATION_LEVEL = "-Onone";
			};
			name = Debug;
		};
		A60EF3922BAF0A6C0087EF89 /* Release */ = {
			isa = XCBuildConfiguration;
			buildSettings = {
				ALWAYS_SEARCH_USER_PATHS = NO;
				CLANG_ANALYZER_NONNULL = YES;
				CLANG_ANALYZER_NUMBER_OBJECT_CONVERSION = YES_AGGRESSIVE;
				CLANG_CXX_LANGUAGE_STANDARD = "gnu++20";
				CLANG_ENABLE_MODULES = YES;
				CLANG_ENABLE_OBJC_ARC = YES;
				CLANG_ENABLE_OBJC_WEAK = YES;
				CLANG_WARN_BLOCK_CAPTURE_AUTORELEASING = YES;
				CLANG_WARN_BOOL_CONVERSION = YES;
				CLANG_WARN_COMMA = YES;
				CLANG_WARN_CONSTANT_CONVERSION = YES;
				CLANG_WARN_DEPRECATED_OBJC_IMPLEMENTATIONS = YES;
				CLANG_WARN_DIRECT_OBJC_ISA_USAGE = YES_ERROR;
				CLANG_WARN_DOCUMENTATION_COMMENTS = YES;
				CLANG_WARN_EMPTY_BODY = YES;
				CLANG_WARN_ENUM_CONVERSION = YES;
				CLANG_WARN_INFINITE_RECURSION = YES;
				CLANG_WARN_INT_CONVERSION = YES;
				CLANG_WARN_NON_LITERAL_NULL_CONVERSION = YES;
				CLANG_WARN_OBJC_IMPLICIT_RETAIN_SELF = YES;
				CLANG_WARN_OBJC_LITERAL_CONVERSION = YES;
				CLANG_WARN_OBJC_ROOT_CLASS = YES_ERROR;
				CLANG_WARN_QUOTED_INCLUDE_IN_FRAMEWORK_HEADER = YES;
				CLANG_WARN_RANGE_LOOP_ANALYSIS = YES;
				CLANG_WARN_STRICT_PROTOTYPES = YES;
				CLANG_WARN_SUSPICIOUS_MOVE = YES;
				CLANG_WARN_UNGUARDED_AVAILABILITY = YES_AGGRESSIVE;
				CLANG_WARN_UNREACHABLE_CODE = YES;
				CLANG_WARN__DUPLICATE_METHOD_MATCH = YES;
				COPY_PHASE_STRIP = NO;
				DEBUG_INFORMATION_FORMAT = "dwarf-with-dsym";
				ENABLE_NS_ASSERTIONS = NO;
				ENABLE_STRICT_OBJC_MSGSEND = YES;
				ENABLE_USER_SCRIPT_SANDBOXING = YES;
				GCC_C_LANGUAGE_STANDARD = gnu11;
				GCC_NO_COMMON_BLOCKS = YES;
				GCC_WARN_64_TO_32_BIT_CONVERSION = YES;
				GCC_WARN_ABOUT_RETURN_TYPE = YES_ERROR;
				GCC_WARN_UNDECLARED_SELECTOR = YES;
				GCC_WARN_UNINITIALIZED_AUTOS = YES_AGGRESSIVE;
				GCC_WARN_UNUSED_FUNCTION = YES;
				GCC_WARN_UNUSED_VARIABLE = YES;
				IPHONEOS_DEPLOYMENT_TARGET = 16.2;
				MTL_ENABLE_DEBUG_INFO = NO;
				MTL_FAST_MATH = YES;
				SDKROOT = iphoneos;
				SWIFT_COMPILATION_MODE = wholemodule;
				SWIFT_OPTIMIZATION_LEVEL = "-O";
				VALIDATE_PRODUCT = YES;
			};
			name = Release;
		};
		A60EF3942BAF0A6C0087EF89 /* Debug */ = {
			isa = XCBuildConfiguration;
			buildSettings = {
				ASSETCATALOG_COMPILER_APPICON_NAME = AppIcon;
				ASSETCATALOG_COMPILER_GLOBAL_ACCENT_COLOR_NAME = AccentColor;
				CODE_SIGN_STYLE = Automatic;
				CURRENT_PROJECT_VERSION = 1;
				DEVELOPMENT_TEAM = 7KMRH7XP43;
				GENERATE_INFOPLIST_FILE = YES;
				INFOPLIST_FILE = uiKITT/Info.plist;
				INFOPLIST_KEY_UIApplicationSupportsIndirectInputEvents = YES;
				INFOPLIST_KEY_UILaunchStoryboardName = LaunchScreen;
				INFOPLIST_KEY_UIMainStoryboardFile = "";
				INFOPLIST_KEY_UISupportedInterfaceOrientations = UIInterfaceOrientationPortrait;
				LD_RUNPATH_SEARCH_PATHS = (
					"$(inherited)",
					"@executable_path/Frameworks",
				);
				MARKETING_VERSION = 1.0;
				PRODUCT_BUNDLE_IDENTIFIER = com.example.uiKITT;
				PRODUCT_NAME = "$(TARGET_NAME)";
				SWIFT_EMIT_LOC_STRINGS = YES;
				SWIFT_VERSION = 5.0;
				TARGETED_DEVICE_FAMILY = "1,2";
			};
			name = Debug;
		};
		A60EF3952BAF0A6C0087EF89 /* Release */ = {
			isa = XCBuildConfiguration;
			buildSettings = {
				ASSETCATALOG_COMPILER_APPICON_NAME = AppIcon;
				ASSETCATALOG_COMPILER_GLOBAL_ACCENT_COLOR_NAME = AccentColor;
				CODE_SIGN_STYLE = Automatic;
				CURRENT_PROJECT_VERSION = 1;
				DEVELOPMENT_TEAM = 7KMRH7XP43;
				GENERATE_INFOPLIST_FILE = YES;
				INFOPLIST_FILE = uiKITT/Info.plist;
				INFOPLIST_KEY_UIApplicationSupportsIndirectInputEvents = YES;
				INFOPLIST_KEY_UILaunchStoryboardName = LaunchScreen;
				INFOPLIST_KEY_UIMainStoryboardFile = "";
				INFOPLIST_KEY_UISupportedInterfaceOrientations = UIInterfaceOrientationPortrait;
				LD_RUNPATH_SEARCH_PATHS = (
					"$(inherited)",
					"@executable_path/Frameworks",
				);
				MARKETING_VERSION = 1.0;
				PRODUCT_BUNDLE_IDENTIFIER = com.example.uiKITT;
				PRODUCT_NAME = "$(TARGET_NAME)";
				SWIFT_EMIT_LOC_STRINGS = YES;
				SWIFT_VERSION = 5.0;
				TARGETED_DEVICE_FAMILY = "1,2";
			};
			name = Release;
		};
/* End XCBuildConfiguration section */

/* Begin XCConfigurationList section */
		A60EF37A2BAF0A6B0087EF89 /* Build configuration list for PBXProject "uiKITT" */ = {
			isa = XCConfigurationList;
			buildConfigurations = (
				A60EF3912BAF0A6C0087EF89 /* Debug */,
				A60EF3922BAF0A6C0087EF89 /* Release */,
			);
			defaultConfigurationIsVisible = 0;
			defaultConfigurationName = Release;
		};
		A60EF3932BAF0A6C0087EF89 /* Build configuration list for PBXNativeTarget "uiKITT" */ = {
			isa = XCConfigurationList;
			buildConfigurations = (
				A60EF3942BAF0A6C0087EF89 /* Debug */,
				A60EF3952BAF0A6C0087EF89 /* Release */,
			);
			defaultConfigurationIsVisible = 0;
			defaultConfigurationName = Release;
		};
/* End XCConfigurationList section */
	};
	rootObject = A60EF3772BAF0A6B0087EF89 /* Project object */;
}
